
Microsoft Visual Studio Solution File, Format Version 12.00
Project("{FAE04EC0-301F-11D3-BF4B-00C04F79EFBC}") = "CoreStartApp", "CoreStartApp\CoreStartApp.csproj", "{10E09F54-6333-4399-9120-5424F5FA07E8}"
EndProject
Global
	GlobalSection(SolutionConfigurationPlatforms) = preSolution
		Debug|Any CPU = Debug|Any CPU
		Release|Any CPU = Release|Any CPU
	EndGlobalSection
	GlobalSection(ProjectConfigurationPlatforms) = postSolution
		{10E09F54-6333-4399-9120-5424F5FA07E8}.Debug|Any CPU.ActiveCfg = Debug|Any CPU
		{10E09F54-6333-4399-9120-5424F5FA07E8}.Debug|Any CPU.Build.0 = Debug|Any CPU
		{10E09F54-6333-4399-9120-5424F5FA07E8}.Release|Any CPU.ActiveCfg = Release|Any CPU
		{10E09F54-6333-4399-9120-5424F5FA07E8}.Release|Any CPU.Build.0 = Release|Any CPU
	EndGlobalSection
EndGlobal
